
Microsoft Visual Studio Solution File, Format Version 12.00
# Visual Studio Version 16
VisualStudioVersion = 16.0.32630.194
MinimumVisualStudioVersion = 10.0.40219.1
Project("{9A19103F-16F7-4668-BE54-9A1E7A4F7556}") = "SmoothieSharp", "SmoothieSharp\SmoothieSharp.csproj", "{DD93605E-80A1-4152-925B-7F4A32032183}"
EndProject
Project("{FAE04EC0-301F-11D3-BF4B-00C04F79EFBC}") = "SmoothieSharpTests", "SmoothieSharpTests\SmoothieSharpTests.csproj", "{EF2F13A4-7D09-424E-9F4E-02FDF4DD366F}"
EndProject
Global
	GlobalSection(SolutionConfigurationPlatforms) = preSolution
		Debug|Any CPU = Debug|Any CPU
		Release|Any CPU = Release|Any CPU
	EndGlobalSection
	GlobalSection(ProjectConfigurationPlatforms) = postSolution
		{DD93605E-80A1-4152-925B-7F4A32032183}.Debug|Any CPU.ActiveCfg = Debug|Any CPU
		{DD93605E-80A1-4152-925B-7F4A32032183}.Debug|Any CPU.Build.0 = Debug|Any CPU
		{DD93605E-80A1-4152-925B-7F4A32032183}.Release|Any CPU.ActiveCfg = Release|Any CPU
		{DD93605E-80A1-4152-925B-7F4A32032183}.Release|Any CPU.Build.0 = Release|Any CPU
		{EF2F13A4-7D09-424E-9F4E-02FDF4DD366F}.Debug|Any CPU.ActiveCfg = Debug|Any CPU
		{EF2F13A4-7D09-424E-9F4E-02FDF4DD366F}.Debug|Any CPU.Build.0 = Debug|Any CPU
		{EF2F13A4-7D09-424E-9F4E-02FDF4DD366F}.Release|Any CPU.ActiveCfg = Release|Any CPU
		{EF2F13A4-7D09-424E-9F4E-02FDF4DD366F}.Release|Any CPU.Build.0 = Release|Any CPU
	EndGlobalSection
	GlobalSection(SolutionProperties) = preSolution
		HideSolutionNode = FALSE
	EndGlobalSection
	GlobalSection(ExtensibilityGlobals) = postSolution
		SolutionGuid = {077E4D84-3A0E-478F-B92A-4F07E44957A4}
	EndGlobalSection
EndGlobal
